
Microsoft Visual Studio Solution File, Format Version 12.00
Project("{FAE04EC0-301F-11D3-BF4B-00C04F79EFBC}") = "Octopus.Versioning", "Octopus.Versioning\Octopus.Versioning.csproj", "{B3D2AB89-72B7-433B-BBCD-4D094BF896E6}"
EndProject
Project("{FAE04EC0-301F-11D3-BF4B-00C04F79EFBC}") = "Octopus.Versioning.Tests", "Octopus.Versioning.Tests\Octopus.Versioning.Tests.csproj", "{71AB3537-D1A8-41D5-B4EF-881E6C3B5BF9}"
EndProject
Project("{FAE04EC0-301F-11D3-BF4B-00C04F79EFBC}") = "_build", "..\build\_build.csproj", "{745DC44B-1570-449F-B6BA-C361880AA495}"
EndProject
Global
	GlobalSection(SolutionConfigurationPlatforms) = preSolution
		Debug|Any CPU = Debug|Any CPU
		Release|Any CPU = Release|Any CPU
	EndGlobalSection
	GlobalSection(ProjectConfigurationPlatforms) = postSolution
		{B3D2AB89-72B7-433B-BBCD-4D094BF896E6}.Debug|Any CPU.ActiveCfg = Debug|Any CPU
		{B3D2AB89-72B7-433B-BBCD-4D094BF896E6}.Debug|Any CPU.Build.0 = Debug|Any CPU
		{B3D2AB89-72B7-433B-BBCD-4D094BF896E6}.Release|Any CPU.ActiveCfg = Release|Any CPU
		{B3D2AB89-72B7-433B-BBCD-4D094BF896E6}.Release|Any CPU.Build.0 = Release|Any CPU
		{71AB3537-D1A8-41D5-B4EF-881E6C3B5BF9}.Debug|Any CPU.ActiveCfg = Debug|Any CPU
		{71AB3537-D1A8-41D5-B4EF-881E6C3B5BF9}.Debug|Any CPU.Build.0 = Debug|Any CPU
		{71AB3537-D1A8-41D5-B4EF-881E6C3B5BF9}.Release|Any CPU.ActiveCfg = Release|Any CPU
		{71AB3537-D1A8-41D5-B4EF-881E6C3B5BF9}.Release|Any CPU.Build.0 = Release|Any CPU
		{745DC44B-1570-449F-B6BA-C361880AA495}.Debug|Any CPU.ActiveCfg = Debug|Any CPU
		{745DC44B-1570-449F-B6BA-C361880AA495}.Release|Any CPU.ActiveCfg = Release|Any CPU
	EndGlobalSection
EndGlobal
